// !$*UTF8*$!
{
	archiveVersion = 1;
	classes = {
	};
	objectVersion = 50;
	objects = {

/* Begin PBXBuildFile section */
		73FE3C46AB308DC325622DFB /* Pods_CodeCohensive.framework in Frameworks */ = {isa = PBXBuildFile; fileRef = 89796051940B6C53893B66D9 /* Pods_CodeCohensive.framework */; };
		A13F6FDD20F3B0D60041A286 /* AppDelegate.swift in Sources */ = {isa = PBXBuildFile; fileRef = A13F6FDC20F3B0D60041A286 /* AppDelegate.swift */; };
		A13F6FDF20F3B0D60041A286 /* ViewController.swift in Sources */ = {isa = PBXBuildFile; fileRef = A13F6FDE20F3B0D60041A286 /* ViewController.swift */; };
		A13F6FE220F3B0D60041A286 /* Main.storyboard in Resources */ = {isa = PBXBuildFile; fileRef = A13F6FE020F3B0D60041A286 /* Main.storyboard */; };
		A13F6FE420F3B0D80041A286 /* Assets.xcassets in Resources */ = {isa = PBXBuildFile; fileRef = A13F6FE320F3B0D80041A286 /* Assets.xcassets */; };
		A13F6FE720F3B0D80041A286 /* LaunchScreen.storyboard in Resources */ = {isa = PBXBuildFile; fileRef = A13F6FE520F3B0D80041A286 /* LaunchScreen.storyboard */; };
/* End PBXBuildFile section */

/* Begin PBXFileReference section */
		89796051940B6C53893B66D9 /* Pods_CodeCohensive.framework */ = {isa = PBXFileReference; explicitFileType = wrapper.framework; includeInIndex = 0; path = Pods_CodeCohensive.framework; sourceTree = BUILT_PRODUCTS_DIR; };
		A13F6FD920F3B0D60041A286 /* CodeCohensive.app */ = {isa = PBXFileReference; explicitFileType = wrapper.application; includeInIndex = 0; path = CodeCohensive.app; sourceTree = BUILT_PRODUCTS_DIR; };
		A13F6FDC20F3B0D60041A286 /* AppDelegate.swift */ = {isa = PBXFileReference; lastKnownFileType = sourcecode.swift; path = AppDelegate.swift; sourceTree = "<group>"; };
		A13F6FDE20F3B0D60041A286 /* ViewController.swift */ = {isa = PBXFileReference; lastKnownFileType = sourcecode.swift; path = ViewController.swift; sourceTree = "<group>"; };
		A13F6FE120F3B0D60041A286 /* Base */ = {isa = PBXFileReference; lastKnownFileType = file.storyboard; name = Base; path = Base.lproj/Main.storyboard; sourceTree = "<group>"; };
		A13F6FE320F3B0D80041A286 /* Assets.xcassets */ = {isa = PBXFileReference; lastKnownFileType = folder.assetcatalog; path = Assets.xcassets; sourceTree = "<group>"; };
		A13F6FE620F3B0D80041A286 /* Base */ = {isa = PBXFileReference; lastKnownFileType = file.storyboard; name = Base; path = Base.lproj/LaunchScreen.storyboard; sourceTree = "<group>"; };
		A13F6FE820F3B0D80041A286 /* Info.plist */ = {isa = PBXFileReference; lastKnownFileType = text.plist.xml; path = Info.plist; sourceTree = "<group>"; };
		B15FA2DDCA12519CAEAD4B05 /* Pods-CodeCohensive.debug.xcconfig */ = {isa = PBXFileReference; includeInIndex = 1; lastKnownFileType = text.xcconfig; name = "Pods-CodeCohensive.debug.xcconfig"; path = "Pods/Target Support Files/Pods-CodeCohensive/Pods-CodeCohensive.debug.xcconfig"; sourceTree = "<group>"; };
		F210E5E75A2C57B855A8F1E3 /* Pods-CodeCohensive.release.xcconfig */ = {isa = PBXFileReference; includeInIndex = 1; lastKnownFileType = text.xcconfig; name = "Pods-CodeCohensive.release.xcconfig"; path = "Pods/Target Support Files/Pods-CodeCohensive/Pods-CodeCohensive.release.xcconfig"; sourceTree = "<group>"; };
/* End PBXFileReference section */

/* Begin PBXFrameworksBuildPhase section */
		A13F6FD620F3B0D60041A286 /* Frameworks */ = {
			isa = PBXFrameworksBuildPhase;
			buildActionMask = 2147483647;
			files = (
				73FE3C46AB308DC325622DFB /* Pods_CodeCohensive.framework in Frameworks */,
			);
			runOnlyForDeploymentPostprocessing = 0;
		};
/* End PBXFrameworksBuildPhase section */

/* Begin PBXGroup section */
		39ED865BF45F8CA8B005A06A /* Frameworks */ = {
			isa = PBXGroup;
			children = (
				89796051940B6C53893B66D9 /* Pods_CodeCohensive.framework */,
			);
			name = Frameworks;
			sourceTree = "<group>";
		};
		A13F6FD020F3B0D60041A286 = {
			isa = PBXGroup;
			children = (
				A13F6FDB20F3B0D60041A286 /* CodeCohensive */,
				A13F6FDA20F3B0D60041A286 /* Products */,
				ACBEF110DA6A325AF22D1168 /* Pods */,
				39ED865BF45F8CA8B005A06A /* Frameworks */,
			);
			sourceTree = "<group>";
		};
		A13F6FDA20F3B0D60041A286 /* Products */ = {
			isa = PBXGroup;
			children = (
				A13F6FD920F3B0D60041A286 /* CodeCohensive.app */,
			);
			name = Products;
			sourceTree = "<group>";
		};
		A13F6FDB20F3B0D60041A286 /* CodeCohensive */ = {
			isa = PBXGroup;
			children = (
				A13F6FDC20F3B0D60041A286 /* AppDelegate.swift */,
				A13F6FDE20F3B0D60041A286 /* ViewController.swift */,
				A13F6FE020F3B0D60041A286 /* Main.storyboard */,
				A13F6FE320F3B0D80041A286 /* Assets.xcassets */,
				A13F6FE520F3B0D80041A286 /* LaunchScreen.storyboard */,
				A13F6FE820F3B0D80041A286 /* Info.plist */,
			);
			path = CodeCohensive;
			sourceTree = "<group>";
		};
		ACBEF110DA6A325AF22D1168 /* Pods */ = {
			isa = PBXGroup;
			children = (
				B15FA2DDCA12519CAEAD4B05 /* Pods-CodeCohensive.debug.xcconfig */,
				F210E5E75A2C57B855A8F1E3 /* Pods-CodeCohensive.release.xcconfig */,
			);
			name = Pods;
			sourceTree = "<group>";
		};
/* End PBXGroup section */

/* Begin PBXNativeTarget section */
		A13F6FD820F3B0D60041A286 /* CodeCohensive */ = {
			isa = PBXNativeTarget;
			buildConfigurationList = A13F6FEB20F3B0D80041A286 /* Build configuration list for PBXNativeTarget "CodeCohensive" */;
			buildPhases = (
				046EE3B6B5EF5AC4C61583FB /* [CP] Check Pods Manifest.lock */,
				A13F6FD520F3B0D60041A286 /* Sources */,
				A13F6FD620F3B0D60041A286 /* Frameworks */,
				A13F6FD720F3B0D60041A286 /* Resources */,
				87098CA1ACF144F5C1D63FE8 /* [CP] Embed Pods Frameworks */,
			);
			buildRules = (
			);
			dependencies = (
			);
			name = CodeCohensive;
			productName = CodeCohensive;
			productReference = A13F6FD920F3B0D60041A286 /* CodeCohensive.app */;
			productType = "com.apple.product-type.application";
		};
/* End PBXNativeTarget section */

/* Begin PBXProject section */
		A13F6FD120F3B0D60041A286 /* Project object */ = {
			isa = PBXProject;
			attributes = {
				LastSwiftUpdateCheck = 0940;
				LastUpgradeCheck = 0940;
				ORGANIZATIONNAME = ncode;
				TargetAttributes = {
					A13F6FD820F3B0D60041A286 = {
						CreatedOnToolsVersion = 9.4.1;
					};
				};
			};
			buildConfigurationList = A13F6FD420F3B0D60041A286 /* Build configuration list for PBXProject "CodeCohensive" */;
			compatibilityVersion = "Xcode 9.3";
			developmentRegion = en;
			hasScannedForEncodings = 0;
			knownRegions = (
				en,
				Base,
			);
			mainGroup = A13F6FD020F3B0D60041A286;
			productRefGroup = A13F6FDA20F3B0D60041A286 /* Products */;
			projectDirPath = "";
			projectRoot = "";
			targets = (
				A13F6FD820F3B0D60041A286 /* CodeCohensive */,
			);
		};
/* End PBXProject section */

/* Begin PBXResourcesBuildPhase section */
		A13F6FD720F3B0D60041A286 /* Resources */ = {
			isa = PBXResourcesBuildPhase;
			buildActionMask = 2147483647;
			files = (
				A13F6FE720F3B0D80041A286 /* LaunchScreen.storyboard in Resources */,
				A13F6FE420F3B0D80041A286 /* Assets.xcassets in Resources */,
				A13F6FE220F3B0D60041A286 /* Main.storyboard in Resources */,
			);
			runOnlyForDeploymentPostprocessing = 0;
		};
/* End PBXResourcesBuildPhase section */

/* Begin PBXShellScriptBuildPhase section */
		046EE3B6B5EF5AC4C61583FB /* [CP] Check Pods Manifest.lock */ = {
			isa = PBXShellScriptBuildPhase;
			buildActionMask = 2147483647;
			files = (
			);
			inputPaths = (
				"${PODS_PODFILE_DIR_PATH}/Podfile.lock",
				"${PODS_ROOT}/Manifest.lock",
			);
			name = "[CP] Check Pods Manifest.lock";
			outputPaths = (
				"$(DERIVED_FILE_DIR)/Pods-CodeCohensive-checkManifestLockResult.txt",
			);
			runOnlyForDeploymentPostprocessing = 0;
			shellPath = /bin/sh;
			shellScript = "diff \"${PODS_PODFILE_DIR_PATH}/Podfile.lock\" \"${PODS_ROOT}/Manifest.lock\" > /dev/null\nif [ $? != 0 ] ; then\n    # print error to STDERR\n    echo \"error: The sandbox is not in sync with the Podfile.lock. Run 'pod install' or update your CocoaPods installation.\" >&2\n    exit 1\nfi\n# This output is used by Xcode 'outputs' to avoid re-running this script phase.\necho \"SUCCESS\" > \"${SCRIPT_OUTPUT_FILE_0}\"\n";
			showEnvVarsInLog = 0;
		};
		87098CA1ACF144F5C1D63FE8 /* [CP] Embed Pods Frameworks */ = {
			isa = PBXShellScriptBuildPhase;
			buildActionMask = 2147483647;
			files = (
			);
			inputPaths = (
				"${SRCROOT}/Pods/Target Support Files/Pods-CodeCohensive/Pods-CodeCohensive-frameworks.sh",
				"${BUILT_PRODUCTS_DIR}/RxCocoa/RxCocoa.framework",
				"${BUILT_PRODUCTS_DIR}/RxSwift/RxSwift.framework",
				"${BUILT_PRODUCTS_DIR}/RxViewController/RxViewController.framework",
			);
			name = "[CP] Embed Pods Frameworks";
			outputPaths = (
				"${TARGET_BUILD_DIR}/${FRAMEWORKS_FOLDER_PATH}/RxCocoa.framework",
				"${TARGET_BUILD_DIR}/${FRAMEWORKS_FOLDER_PATH}/RxSwift.framework",
				"${TARGET_BUILD_DIR}/${FRAMEWORKS_FOLDER_PATH}/RxViewController.framework",
			);
			runOnlyForDeploymentPostprocessing = 0;
			shellPath = /bin/sh;
			shellScript = "\"${SRCROOT}/Pods/Target Support Files/Pods-CodeCohensive/Pods-CodeCohensive-frameworks.sh\"\n";
			showEnvVarsInLog = 0;
		};
/* End PBXShellScriptBuildPhase section */

/* Begin PBXSourcesBuildPhase section */
		A13F6FD520F3B0D60041A286 /* Sources */ = {
			isa = PBXSourcesBuildPhase;
			buildActionMask = 2147483647;
			files = (
				A13F6FDF20F3B0D60041A286 /* ViewController.swift in Sources */,
				A13F6FDD20F3B0D60041A286 /* AppDelegate.swift in Sources */,
			);
			runOnlyForDeploymentPostprocessing = 0;
		};
/* End PBXSourcesBuildPhase section */

/* Begin PBXVariantGroup section */
		A13F6FE020F3B0D60041A286 /* Main.storyboard */ = {
			isa = PBXVariantGroup;
			children = (
				A13F6FE120F3B0D60041A286 /* Base */,
			);
			name = Main.storyboard;
			sourceTree = "<group>";
		};
		A13F6FE520F3B0D80041A286 /* LaunchScreen.storyboard */ = {
			isa = PBXVariantGroup;
			children = (
				A13F6FE620F3B0D80041A286 /* Base */,
			);
			name = LaunchScreen.storyboard;
			sourceTree = "<group>";
		};
/* End PBXVariantGroup section */

/* Begin XCBuildConfiguration section */
		A13F6FE920F3B0D80041A286 /* Debug */ = {
			isa = XCBuildConfiguration;
			buildSettings = {
				ALWAYS_SEARCH_USER_PATHS = NO;
				CLANG_ANALYZER_NONNULL = YES;
				CLANG_ANALYZER_NUMBER_OBJECT_CONVERSION = YES_AGGRESSIVE;
				CLANG_CXX_LANGUAGE_STANDARD = "gnu++14";
				CLANG_CXX_LIBRARY = "libc++";
				CLANG_ENABLE_MODULES = YES;
				CLANG_ENABLE_OBJC_ARC = YES;
				CLANG_ENABLE_OBJC_WEAK = YES;
				CLANG_WARN_BLOCK_CAPTURE_AUTORELEASING = YES;
				CLANG_WARN_BOOL_CONVERSION = YES;
				CLANG_WARN_COMMA = YES;
				CLANG_WARN_CONSTANT_CONVERSION = YES;
				CLANG_WARN_DEPRECATED_OBJC_IMPLEMENTATIONS = YES;
				CLANG_WARN_DIRECT_OBJC_ISA_USAGE = YES_ERROR;
				CLANG_WARN_DOCUMENTATION_COMMENTS = YES;
				CLANG_WARN_EMPTY_BODY = YES;
				CLANG_WARN_ENUM_CONVERSION = YES;
				CLANG_WARN_INFINITE_RECURSION = YES;
				CLANG_WARN_INT_CONVERSION = YES;
				CLANG_WARN_NON_LITERAL_NULL_CONVERSION = YES;
				CLANG_WARN_OBJC_IMPLICIT_RETAIN_SELF = YES;
				CLANG_WARN_OBJC_LITERAL_CONVERSION = YES;
				CLANG_WARN_OBJC_ROOT_CLASS = YES_ERROR;
				CLANG_WARN_RANGE_LOOP_ANALYSIS = YES;
				CLANG_WARN_STRICT_PROTOTYPES = YES;
				CLANG_WARN_SUSPICIOUS_MOVE = YES;
				CLANG_WARN_UNGUARDED_AVAILABILITY = YES_AGGRESSIVE;
				CLANG_WARN_UNREACHABLE_CODE = YES;
				CLANG_WARN__DUPLICATE_METHOD_MATCH = YES;
				CODE_SIGN_IDENTITY = "iPhone Developer";
				COPY_PHASE_STRIP = NO;
				DEBUG_INFORMATION_FORMAT = dwarf;
				ENABLE_STRICT_OBJC_MSGSEND = YES;
				ENABLE_TESTABILITY = YES;
				GCC_C_LANGUAGE_STANDARD = gnu11;
				GCC_DYNAMIC_NO_PIC = NO;
				GCC_NO_COMMON_BLOCKS = YES;
				GCC_OPTIMIZATION_LEVEL = 0;
				GCC_PREPROCESSOR_DEFINITIONS = (
					"DEBUG=1",
					"$(inherited)",
				);
				GCC_WARN_64_TO_32_BIT_CONVERSION = YES;
				GCC_WARN_ABOUT_RETURN_TYPE = YES_ERROR;
				GCC_WARN_UNDECLARED_SELECTOR = YES;
				GCC_WARN_UNINITIALIZED_AUTOS = YES_AGGRESSIVE;
				GCC_WARN_UNUSED_FUNCTION = YES;
				GCC_WARN_UNUSED_VARIABLE = YES;
				IPHONEOS_DEPLOYMENT_TARGET = 11.4;
				MTL_ENABLE_DEBUG_INFO = YES;
				ONLY_ACTIVE_ARCH = YES;
				SDKROOT = iphoneos;
				SWIFT_ACTIVE_COMPILATION_CONDITIONS = DEBUG;
				SWIFT_OPTIMIZATION_LEVEL = "-Onone";
			};
			name = Debug;
		};
		A13F6FEA20F3B0D80041A286 /* Release */ = {
			isa = XCBuildConfiguration;
			buildSettings = {
				ALWAYS_SEARCH_USER_PATHS = NO;
				CLANG_ANALYZER_NONNULL = YES;
				CLANG_ANALYZER_NUMBER_OBJECT_CONVERSION = YES_AGGRESSIVE;
				CLANG_CXX_LANGUAGE_STANDARD = "gnu++14";
				CLANG_CXX_LIBRARY = "libc++";
				CLANG_ENABLE_MODULES = YES;
				CLANG_ENABLE_OBJC_ARC = YES;
				CLANG_ENABLE_OBJC_WEAK = YES;
				CLANG_WARN_BLOCK_CAPTURE_AUTORELEASING = YES;
				CLANG_WARN_BOOL_CONVERSION = YES;
				CLANG_WARN_COMMA = YES;
				CLANG_WARN_CONSTANT_CONVERSION = YES;
				CLANG_WARN_DEPRECATED_OBJC_IMPLEMENTATIONS = YES;
				CLANG_WARN_DIRECT_OBJC_ISA_USAGE = YES_ERROR;
				CLANG_WARN_DOCUMENTATION_COMMENTS = YES;
				CLANG_WARN_EMPTY_BODY = YES;
				CLANG_WARN_ENUM_CONVERSION = YES;
				CLANG_WARN_INFINITE_RECURSION = YES;
				CLANG_WARN_INT_CONVERSION = YES;
				CLANG_WARN_NON_LITERAL_NULL_CONVERSION = YES;
				CLANG_WARN_OBJC_IMPLICIT_RETAIN_SELF = YES;
				CLANG_WARN_OBJC_LITERAL_CONVERSION = YES;
				CLANG_WARN_OBJC_ROOT_CLASS = YES_ERROR;
				CLANG_WARN_RANGE_LOOP_ANALYSIS = YES;
				CLANG_WARN_STRICT_PROTOTYPES = YES;
				CLANG_WARN_SUSPICIOUS_MOVE = YES;
				CLANG_WARN_UNGUARDED_AVAILABILITY = YES_AGGRESSIVE;
				CLANG_WARN_UNREACHABLE_CODE = YES;
				CLANG_WARN__DUPLICATE_METHOD_MATCH = YES;
				CODE_SIGN_IDENTITY = "iPhone Developer";
				COPY_PHASE_STRIP = NO;
				DEBUG_INFORMATION_FORMAT = "dwarf-with-dsym";
				ENABLE_NS_ASSERTIONS = NO;
				ENABLE_STRICT_OBJC_MSGSEND = YES;
				GCC_C_LANGUAGE_STANDARD = gnu11;
				GCC_NO_COMMON_BLOCKS = YES;
				GCC_WARN_64_TO_32_BIT_CONVERSION = YES;
				GCC_WARN_ABOUT_RETURN_TYPE = YES_ERROR;
				GCC_WARN_UNDECLARED_SELECTOR = YES;
				GCC_WARN_UNINITIALIZED_AUTOS = YES_AGGRESSIVE;
				GCC_WARN_UNUSED_FUNCTION = YES;
				GCC_WARN_UNUSED_VARIABLE = YES;
				IPHONEOS_DEPLOYMENT_TARGET = 11.4;
				MTL_ENABLE_DEBUG_INFO = NO;
				SDKROOT = iphoneos;
				SWIFT_COMPILATION_MODE = wholemodule;
				SWIFT_OPTIMIZATION_LEVEL = "-O";
				VALIDATE_PRODUCT = YES;
			};
			name = Release;
		};
		A13F6FEC20F3B0D80041A286 /* Debug */ = {
			isa = XCBuildConfiguration;
			baseConfigurationReference = B15FA2DDCA12519CAEAD4B05 /* Pods-CodeCohensive.debug.xcconfig */;
			buildSettings = {
				ASSETCATALOG_COMPILER_APPICON_NAME = AppIcon;
				CODE_SIGN_STYLE = Automatic;
				DEVELOPMENT_TEAM = V6C8BWW65M;
				INFOPLIST_FILE = CodeCohensive/Info.plist;
				LD_RUNPATH_SEARCH_PATHS = "$(inherited) @executable_path/Frameworks";
				PRODUCT_BUNDLE_IDENTIFIER = com.iamchiwon.app.CodeCohensive;
				PRODUCT_NAME = "$(TARGET_NAME)";
				SWIFT_VERSION = 4.0;
				TARGETED_DEVICE_FAMILY = "1,2";
			};
			name = Debug;
		};
		A13F6FED20F3B0D80041A286 /* Release */ = {
			isa = XCBuildConfiguration;
			baseConfigurationReference = F210E5E75A2C57B855A8F1E3 /* Pods-CodeCohensive.release.xcconfig */;
			buildSettings = {
				ASSETCATALOG_COMPILER_APPICON_NAME = AppIcon;
				CODE_SIGN_STYLE = Automatic;
				DEVELOPMENT_TEAM = V6C8BWW65M;
				INFOPLIST_FILE = CodeCohensive/Info.plist;
				LD_RUNPATH_SEARCH_PATHS = "$(inherited) @executable_path/Frameworks";
				PRODUCT_BUNDLE_IDENTIFIER = com.iamchiwon.app.CodeCohensive;
				PRODUCT_NAME = "$(TARGET_NAME)";
				SWIFT_VERSION = 4.0;
				TARGETED_DEVICE_FAMILY = "1,2";
			};
			name = Release;
		};
/* End XCBuildConfiguration section */

/* Begin XCConfigurationList section */
		A13F6FD420F3B0D60041A286 /* Build configuration list for PBXProject "CodeCohensive" */ = {
			isa = XCConfigurationList;
			buildConfigurations = (
				A13F6FE920F3B0D80041A286 /* Debug */,
				A13F6FEA20F3B0D80041A286 /* Release */,
			);
			defaultConfigurationIsVisible = 0;
			defaultConfigurationName = Release;
		};
		A13F6FEB20F3B0D80041A286 /* Build configuration list for PBXNativeTarget "CodeCohensive" */ = {
			isa = XCConfigurationList;
			buildConfigurations = (
				A13F6FEC20F3B0D80041A286 /* Debug */,
				A13F6FED20F3B0D80041A286 /* Release */,
			);
			defaultConfigurationIsVisible = 0;
			defaultConfigurationName = Release;
		};
/* End XCConfigurationList section */
	};
	rootObject = A13F6FD120F3B0D60041A286 /* Project object */;
}
